
Microsoft Visual Studio Solution File, Format Version 12.00
# Visual Studio Version 16
VisualStudioVersion = 16.0.30804.86
MinimumVisualStudioVersion = 10.0.40219.1
Project("{9A19103F-16F7-4668-BE54-9A1E7A4F7556}") = "ElasticsearchDemo", "ElasticsearchDemo.csproj", "{17EC2F94-DA01-47A3-845B-3357563599C0}"
EndProject
Project("{FAE04EC0-301F-11D3-BF4B-00C04F79EFBC}") = "ElasticsearchDemo.Api", "..\ElasticsearchDemo.Api\ElasticsearchDemo.Api.csproj", "{476D7E24-6EEB-4E35-8192-98C6D0F7006C}"
EndProject
Global
	GlobalSection(SolutionConfigurationPlatforms) = preSolution
		Debug|Any CPU = Debug|Any CPU
		Release|Any CPU = Release|Any CPU
	EndGlobalSection
	GlobalSection(ProjectConfigurationPlatforms) = postSolution
		{17EC2F94-DA01-47A3-845B-3357563599C0}.Debug|Any CPU.ActiveCfg = Debug|Any CPU
		{17EC2F94-DA01-47A3-845B-3357563599C0}.Debug|Any CPU.Build.0 = Debug|Any CPU
		{17EC2F94-DA01-47A3-845B-3357563599C0}.Release|Any CPU.ActiveCfg = Release|Any CPU
		{17EC2F94-DA01-47A3-845B-3357563599C0}.Release|Any CPU.Build.0 = Release|Any CPU
		{476D7E24-6EEB-4E35-8192-98C6D0F7006C}.Debug|Any CPU.ActiveCfg = Debug|Any CPU
		{476D7E24-6EEB-4E35-8192-98C6D0F7006C}.Debug|Any CPU.Build.0 = Debug|Any CPU
		{476D7E24-6EEB-4E35-8192-98C6D0F7006C}.Release|Any CPU.ActiveCfg = Release|Any CPU
		{476D7E24-6EEB-4E35-8192-98C6D0F7006C}.Release|Any CPU.Build.0 = Release|Any CPU
	EndGlobalSection
	GlobalSection(SolutionProperties) = preSolution
		HideSolutionNode = FALSE
	EndGlobalSection
	GlobalSection(ExtensibilityGlobals) = postSolution
		SolutionGuid = {A354D3E6-0FAC-43FF-A249-02650DF7AA4A}
	EndGlobalSection
EndGlobal
